
Microsoft Visual Studio Solution File, Format Version 12.00
# Visual Studio Version 17
VisualStudioVersion = 17.9.34728.123
MinimumVisualStudioVersion = 10.0.40219.1
Project("{9A19103F-16F7-4668-BE54-9A1E7A4F7556}") = "IBAS-kantine", "IBAS-kantine.csproj", "{81CC7592-DE62-4F18-AF5E-639E087868DD}"
EndProject
Global
	GlobalSection(SolutionConfigurationPlatforms) = preSolution
		Debug|Any CPU = Debug|Any CPU
		Release|Any CPU = Release|Any CPU
	EndGlobalSection
	GlobalSection(ProjectConfigurationPlatforms) = postSolution
		{81CC7592-DE62-4F18-AF5E-639E087868DD}.Debug|Any CPU.ActiveCfg = Debug|Any CPU
		{81CC7592-DE62-4F18-AF5E-639E087868DD}.Debug|Any CPU.Build.0 = Debug|Any CPU
		{81CC7592-DE62-4F18-AF5E-639E087868DD}.Release|Any CPU.ActiveCfg = Release|Any CPU
		{81CC7592-DE62-4F18-AF5E-639E087868DD}.Release|Any CPU.Build.0 = Release|Any CPU
	EndGlobalSection
	GlobalSection(SolutionProperties) = preSolution
		HideSolutionNode = FALSE
	EndGlobalSection
	GlobalSection(ExtensibilityGlobals) = postSolution
		SolutionGuid = {BAE86A80-87E5-4CA6-847E-6D2D777F34F0}
	EndGlobalSection
EndGlobal
